
Microsoft Visual Studio Solution File, Format Version 12.00
# Visual Studio Version 17
VisualStudioVersion = 17.5.002.0
MinimumVisualStudioVersion = 10.0.40219.1
Project("{2150E333-8FDC-42A3-9474-1A3956D46DE8}") = "backend", "backend", "{9553DB8B-3D2D-4C8A-BEE8-3EBD04852DFE}"
EndProject
Project("{9A19103F-16F7-4668-BE54-9A1E7A4F7556}") = "api", "backend\api\api.csproj", "{23EE1944-7316-4BB9-AAAA-98A18B6EDF9D}"
EndProject
Global
	GlobalSection(SolutionConfigurationPlatforms) = preSolution
		Debug|Any CPU = Debug|Any CPU
		Release|Any CPU = Release|Any CPU
	EndGlobalSection
	GlobalSection(ProjectConfigurationPlatforms) = postSolution
		{23EE1944-7316-4BB9-AAAA-98A18B6EDF9D}.Debug|Any CPU.ActiveCfg = Debug|Any CPU
		{23EE1944-7316-4BB9-AAAA-98A18B6EDF9D}.Debug|Any CPU.Build.0 = Debug|Any CPU
		{23EE1944-7316-4BB9-AAAA-98A18B6EDF9D}.Release|Any CPU.ActiveCfg = Release|Any CPU
		{23EE1944-7316-4BB9-AAAA-98A18B6EDF9D}.Release|Any CPU.Build.0 = Release|Any CPU
	EndGlobalSection
	GlobalSection(SolutionProperties) = preSolution
		HideSolutionNode = FALSE
	EndGlobalSection
	GlobalSection(NestedProjects) = preSolution
		{23EE1944-7316-4BB9-AAAA-98A18B6EDF9D} = {9553DB8B-3D2D-4C8A-BEE8-3EBD04852DFE}
	EndGlobalSection
	GlobalSection(ExtensibilityGlobals) = postSolution
		SolutionGuid = {3A717E16-51BA-4EFF-A1A9-7E3A6DB04994}
	EndGlobalSection
EndGlobal
